// !$*UTF8*$!
{
	archiveVersion = 1;
	classes = {
	};
	objectVersion = 50;
	objects = {

/* Begin PBXBuildFile section */
		F3359509213725750090B400 /* AppDelegate.swift in Sources */ = {isa = PBXBuildFile; fileRef = F3359508213725750090B400 /* AppDelegate.swift */; };
		F335950B213725750090B400 /* ViewController.swift in Sources */ = {isa = PBXBuildFile; fileRef = F335950A213725750090B400 /* ViewController.swift */; };
		F335950E213725750090B400 /* Main.storyboard in Resources */ = {isa = PBXBuildFile; fileRef = F335950C213725750090B400 /* Main.storyboard */; };
		F3359510213725780090B400 /* Assets.xcassets in Resources */ = {isa = PBXBuildFile; fileRef = F335950F213725780090B400 /* Assets.xcassets */; };
		F3359513213725780090B400 /* LaunchScreen.storyboard in Resources */ = {isa = PBXBuildFile; fileRef = F3359511213725780090B400 /* LaunchScreen.storyboard */; };
		F335951B213726ED0090B400 /* SetGameModel.swift in Sources */ = {isa = PBXBuildFile; fileRef = F335951A213726ED0090B400 /* SetGameModel.swift */; };
		F35FB05B213740C3008D7582 /* Card.swift in Sources */ = {isa = PBXBuildFile; fileRef = F35FB05A213740C3008D7582 /* Card.swift */; };
		F39B1B8E213DBD7700DDDB61 /* Utils.swift in Sources */ = {isa = PBXBuildFile; fileRef = F39B1B8D213DBD7700DDDB61 /* Utils.swift */; };
		F3B82F142138621B000D7FC0 /* EnumSequence.swift in Sources */ = {isa = PBXBuildFile; fileRef = F3B82F132138621B000D7FC0 /* EnumSequence.swift */; };
		F3B82F1621386779000D7FC0 /* Array+RemoveRand.swift in Sources */ = {isa = PBXBuildFile; fileRef = F3B82F1521386779000D7FC0 /* Array+RemoveRand.swift */; };
		F3B82F18213867AF000D7FC0 /* Int+Rand.swift in Sources */ = {isa = PBXBuildFile; fileRef = F3B82F17213867AF000D7FC0 /* Int+Rand.swift */; };
		F3D8CA83213D894500B80FD9 /* SetGameTests.swift in Sources */ = {isa = PBXBuildFile; fileRef = F3D8CA82213D894500B80FD9 /* SetGameTests.swift */; };
/* End PBXBuildFile section */

/* Begin PBXContainerItemProxy section */
		F3D8CA85213D894500B80FD9 /* PBXContainerItemProxy */ = {
			isa = PBXContainerItemProxy;
			containerPortal = F33594FD213725750090B400 /* Project object */;
			proxyType = 1;
			remoteGlobalIDString = F3359504213725750090B400;
			remoteInfo = SetGame;
		};
/* End PBXContainerItemProxy section */

/* Begin PBXFileReference section */
		F3359505213725750090B400 /* SetGame.app */ = {isa = PBXFileReference; explicitFileType = wrapper.application; includeInIndex = 0; path = SetGame.app; sourceTree = BUILT_PRODUCTS_DIR; };
		F3359508213725750090B400 /* AppDelegate.swift */ = {isa = PBXFileReference; lastKnownFileType = sourcecode.swift; path = AppDelegate.swift; sourceTree = "<group>"; };
		F335950A213725750090B400 /* ViewController.swift */ = {isa = PBXFileReference; lastKnownFileType = sourcecode.swift; path = ViewController.swift; sourceTree = "<group>"; };
		F335950D213725750090B400 /* Base */ = {isa = PBXFileReference; lastKnownFileType = file.storyboard; name = Base; path = Base.lproj/Main.storyboard; sourceTree = "<group>"; };
		F335950F213725780090B400 /* Assets.xcassets */ = {isa = PBXFileReference; lastKnownFileType = folder.assetcatalog; path = Assets.xcassets; sourceTree = "<group>"; };
		F3359512213725780090B400 /* Base */ = {isa = PBXFileReference; lastKnownFileType = file.storyboard; name = Base; path = Base.lproj/LaunchScreen.storyboard; sourceTree = "<group>"; };
		F3359514213725780090B400 /* Info.plist */ = {isa = PBXFileReference; lastKnownFileType = text.plist.xml; path = Info.plist; sourceTree = "<group>"; };
		F335951A213726ED0090B400 /* SetGameModel.swift */ = {isa = PBXFileReference; lastKnownFileType = sourcecode.swift; path = SetGameModel.swift; sourceTree = "<group>"; };
		F35FB05A213740C3008D7582 /* Card.swift */ = {isa = PBXFileReference; lastKnownFileType = sourcecode.swift; path = Card.swift; sourceTree = "<group>"; };
		F39B1B8D213DBD7700DDDB61 /* Utils.swift */ = {isa = PBXFileReference; lastKnownFileType = sourcecode.swift; path = Utils.swift; sourceTree = "<group>"; };
		F3B82F132138621B000D7FC0 /* EnumSequence.swift */ = {isa = PBXFileReference; lastKnownFileType = sourcecode.swift; path = EnumSequence.swift; sourceTree = "<group>"; };
		F3B82F1521386779000D7FC0 /* Array+RemoveRand.swift */ = {isa = PBXFileReference; lastKnownFileType = sourcecode.swift; path = "Array+RemoveRand.swift"; sourceTree = "<group>"; };
		F3B82F17213867AF000D7FC0 /* Int+Rand.swift */ = {isa = PBXFileReference; lastKnownFileType = sourcecode.swift; path = "Int+Rand.swift"; sourceTree = "<group>"; };
		F3D8CA80213D894500B80FD9 /* SetGameTests.xctest */ = {isa = PBXFileReference; explicitFileType = wrapper.cfbundle; includeInIndex = 0; path = SetGameTests.xctest; sourceTree = BUILT_PRODUCTS_DIR; };
		F3D8CA82213D894500B80FD9 /* SetGameTests.swift */ = {isa = PBXFileReference; lastKnownFileType = sourcecode.swift; path = SetGameTests.swift; sourceTree = "<group>"; };
		F3D8CA84213D894500B80FD9 /* Info.plist */ = {isa = PBXFileReference; lastKnownFileType = text.plist.xml; path = Info.plist; sourceTree = "<group>"; };
/* End PBXFileReference section */

/* Begin PBXFrameworksBuildPhase section */
		F3359502213725750090B400 /* Frameworks */ = {
			isa = PBXFrameworksBuildPhase;
			buildActionMask = 2147483647;
			files = (
			);
			runOnlyForDeploymentPostprocessing = 0;
		};
		F3D8CA7D213D894500B80FD9 /* Frameworks */ = {
			isa = PBXFrameworksBuildPhase;
			buildActionMask = 2147483647;
			files = (
			);
			runOnlyForDeploymentPostprocessing = 0;
		};
/* End PBXFrameworksBuildPhase section */

/* Begin PBXGroup section */
		F33594FC213725750090B400 = {
			isa = PBXGroup;
			children = (
				F3359507213725750090B400 /* SetGame */,
				F3D8CA81213D894500B80FD9 /* SetGameTests */,
				F3359506213725750090B400 /* Products */,
			);
			sourceTree = "<group>";
		};
		F3359506213725750090B400 /* Products */ = {
			isa = PBXGroup;
			children = (
				F3359505213725750090B400 /* SetGame.app */,
				F3D8CA80213D894500B80FD9 /* SetGameTests.xctest */,
			);
			name = Products;
			sourceTree = "<group>";
		};
		F3359507213725750090B400 /* SetGame */ = {
			isa = PBXGroup;
			children = (
				F3359508213725750090B400 /* AppDelegate.swift */,
				F335950A213725750090B400 /* ViewController.swift */,
				F335950C213725750090B400 /* Main.storyboard */,
				F335950F213725780090B400 /* Assets.xcassets */,
				F3359511213725780090B400 /* LaunchScreen.storyboard */,
				F3359514213725780090B400 /* Info.plist */,
				F335951A213726ED0090B400 /* SetGameModel.swift */,
				F35FB05A213740C3008D7582 /* Card.swift */,
				F3B82F132138621B000D7FC0 /* EnumSequence.swift */,
				F3B82F1521386779000D7FC0 /* Array+RemoveRand.swift */,
				F3B82F17213867AF000D7FC0 /* Int+Rand.swift */,
			);
			path = SetGame;
			sourceTree = "<group>";
		};
		F3D8CA81213D894500B80FD9 /* SetGameTests */ = {
			isa = PBXGroup;
			children = (
				F3D8CA82213D894500B80FD9 /* SetGameTests.swift */,
				F39B1B8D213DBD7700DDDB61 /* Utils.swift */,
				F3D8CA84213D894500B80FD9 /* Info.plist */,
			);
			path = SetGameTests;
			sourceTree = "<group>";
		};
/* End PBXGroup section */

/* Begin PBXNativeTarget section */
		F3359504213725750090B400 /* SetGame */ = {
			isa = PBXNativeTarget;
			buildConfigurationList = F3359517213725780090B400 /* Build configuration list for PBXNativeTarget "SetGame" */;
			buildPhases = (
				F3359501213725750090B400 /* Sources */,
				F3359502213725750090B400 /* Frameworks */,
				F3359503213725750090B400 /* Resources */,
			);
			buildRules = (
			);
			dependencies = (
			);
			name = SetGame;
			productName = SetGame;
			productReference = F3359505213725750090B400 /* SetGame.app */;
			productType = "com.apple.product-type.application";
		};
		F3D8CA7F213D894500B80FD9 /* SetGameTests */ = {
			isa = PBXNativeTarget;
			buildConfigurationList = F3D8CA89213D894600B80FD9 /* Build configuration list for PBXNativeTarget "SetGameTests" */;
			buildPhases = (
				F3D8CA7C213D894500B80FD9 /* Sources */,
				F3D8CA7D213D894500B80FD9 /* Frameworks */,
				F3D8CA7E213D894500B80FD9 /* Resources */,
			);
			buildRules = (
			);
			dependencies = (
				F3D8CA86213D894500B80FD9 /* PBXTargetDependency */,
			);
			name = SetGameTests;
			productName = SetGameTests;
			productReference = F3D8CA80213D894500B80FD9 /* SetGameTests.xctest */;
			productType = "com.apple.product-type.bundle.unit-test";
		};
/* End PBXNativeTarget section */

/* Begin PBXProject section */
		F33594FD213725750090B400 /* Project object */ = {
			isa = PBXProject;
			attributes = {
				LastSwiftUpdateCheck = 0940;
				LastUpgradeCheck = 0930;
				ORGANIZATIONNAME = "Margarita Sergeevna";
				TargetAttributes = {
					F3359504213725750090B400 = {
						CreatedOnToolsVersion = 9.3;
					};
					F3D8CA7F213D894500B80FD9 = {
						CreatedOnToolsVersion = 9.4.1;
						TestTargetID = F3359504213725750090B400;
					};
				};
			};
			buildConfigurationList = F3359500213725750090B400 /* Build configuration list for PBXProject "SetGame" */;
			compatibilityVersion = "Xcode 9.3";
			developmentRegion = en;
			hasScannedForEncodings = 0;
			knownRegions = (
				en,
				Base,
			);
			mainGroup = F33594FC213725750090B400;
			productRefGroup = F3359506213725750090B400 /* Products */;
			projectDirPath = "";
			projectRoot = "";
			targets = (
				F3359504213725750090B400 /* SetGame */,
				F3D8CA7F213D894500B80FD9 /* SetGameTests */,
			);
		};
/* End PBXProject section */

/* Begin PBXResourcesBuildPhase section */
		F3359503213725750090B400 /* Resources */ = {
			isa = PBXResourcesBuildPhase;
			buildActionMask = 2147483647;
			files = (
				F3359513213725780090B400 /* LaunchScreen.storyboard in Resources */,
				F3359510213725780090B400 /* Assets.xcassets in Resources */,
				F335950E213725750090B400 /* Main.storyboard in Resources */,
			);
			runOnlyForDeploymentPostprocessing = 0;
		};
		F3D8CA7E213D894500B80FD9 /* Resources */ = {
			isa = PBXResourcesBuildPhase;
			buildActionMask = 2147483647;
			files = (
			);
			runOnlyForDeploymentPostprocessing = 0;
		};
/* End PBXResourcesBuildPhase section */

/* Begin PBXSourcesBuildPhase section */
		F3359501213725750090B400 /* Sources */ = {
			isa = PBXSourcesBuildPhase;
			buildActionMask = 2147483647;
			files = (
				F3B82F18213867AF000D7FC0 /* Int+Rand.swift in Sources */,
				F3B82F1621386779000D7FC0 /* Array+RemoveRand.swift in Sources */,
				F335950B213725750090B400 /* ViewController.swift in Sources */,
				F3359509213725750090B400 /* AppDelegate.swift in Sources */,
				F335951B213726ED0090B400 /* SetGameModel.swift in Sources */,
				F3B82F142138621B000D7FC0 /* EnumSequence.swift in Sources */,
				F35FB05B213740C3008D7582 /* Card.swift in Sources */,
			);
			runOnlyForDeploymentPostprocessing = 0;
		};
		F3D8CA7C213D894500B80FD9 /* Sources */ = {
			isa = PBXSourcesBuildPhase;
			buildActionMask = 2147483647;
			files = (
				F3D8CA83213D894500B80FD9 /* SetGameTests.swift in Sources */,
				F39B1B8E213DBD7700DDDB61 /* Utils.swift in Sources */,
			);
			runOnlyForDeploymentPostprocessing = 0;
		};
/* End PBXSourcesBuildPhase section */

/* Begin PBXTargetDependency section */
		F3D8CA86213D894500B80FD9 /* PBXTargetDependency */ = {
			isa = PBXTargetDependency;
			target = F3359504213725750090B400 /* SetGame */;
			targetProxy = F3D8CA85213D894500B80FD9 /* PBXContainerItemProxy */;
		};
/* End PBXTargetDependency section */

/* Begin PBXVariantGroup section */
		F335950C213725750090B400 /* Main.storyboard */ = {
			isa = PBXVariantGroup;
			children = (
				F335950D213725750090B400 /* Base */,
			);
			name = Main.storyboard;
			sourceTree = "<group>";
		};
		F3359511213725780090B400 /* LaunchScreen.storyboard */ = {
			isa = PBXVariantGroup;
			children = (
				F3359512213725780090B400 /* Base */,
			);
			name = LaunchScreen.storyboard;
			sourceTree = "<group>";
		};
/* End PBXVariantGroup section */

/* Begin XCBuildConfiguration section */
		F3359515213725780090B400 /* Debug */ = {
			isa = XCBuildConfiguration;
			buildSettings = {
				ALWAYS_SEARCH_USER_PATHS = NO;
				CLANG_ANALYZER_NONNULL = YES;
				CLANG_ANALYZER_NUMBER_OBJECT_CONVERSION = YES_AGGRESSIVE;
				CLANG_CXX_LANGUAGE_STANDARD = "gnu++14";
				CLANG_CXX_LIBRARY = "libc++";
				CLANG_ENABLE_MODULES = YES;
				CLANG_ENABLE_OBJC_ARC = YES;
				CLANG_ENABLE_OBJC_WEAK = YES;
				CLANG_WARN_BLOCK_CAPTURE_AUTORELEASING = YES;
				CLANG_WARN_BOOL_CONVERSION = YES;
				CLANG_WARN_COMMA = YES;
				CLANG_WARN_CONSTANT_CONVERSION = YES;
				CLANG_WARN_DEPRECATED_OBJC_IMPLEMENTATIONS = YES;
				CLANG_WARN_DIRECT_OBJC_ISA_USAGE = YES_ERROR;
				CLANG_WARN_DOCUMENTATION_COMMENTS = YES;
				CLANG_WARN_EMPTY_BODY = YES;
				CLANG_WARN_ENUM_CONVERSION = YES;
				CLANG_WARN_INFINITE_RECURSION = YES;
				CLANG_WARN_INT_CONVERSION = YES;
				CLANG_WARN_NON_LITERAL_NULL_CONVERSION = YES;
				CLANG_WARN_OBJC_IMPLICIT_RETAIN_SELF = YES;
				CLANG_WARN_OBJC_LITERAL_CONVERSION = YES;
				CLANG_WARN_OBJC_ROOT_CLASS = YES_ERROR;
				CLANG_WARN_RANGE_LOOP_ANALYSIS = YES;
				CLANG_WARN_STRICT_PROTOTYPES = YES;
				CLANG_WARN_SUSPICIOUS_MOVE = YES;
				CLANG_WARN_UNGUARDED_AVAILABILITY = YES_AGGRESSIVE;
				CLANG_WARN_UNREACHABLE_CODE = YES;
				CLANG_WARN__DUPLICATE_METHOD_MATCH = YES;
				CODE_SIGN_IDENTITY = "iPhone Developer";
				COPY_PHASE_STRIP = NO;
				DEBUG_INFORMATION_FORMAT = dwarf;
				ENABLE_STRICT_OBJC_MSGSEND = YES;
				ENABLE_TESTABILITY = YES;
				GCC_C_LANGUAGE_STANDARD = gnu11;
				GCC_DYNAMIC_NO_PIC = NO;
				GCC_NO_COMMON_BLOCKS = YES;
				GCC_OPTIMIZATION_LEVEL = 0;
				GCC_PREPROCESSOR_DEFINITIONS = (
					"DEBUG=1",
					"$(inherited)",
				);
				GCC_WARN_64_TO_32_BIT_CONVERSION = YES;
				GCC_WARN_ABOUT_RETURN_TYPE = YES_ERROR;
				GCC_WARN_UNDECLARED_SELECTOR = YES;
				GCC_WARN_UNINITIALIZED_AUTOS = YES_AGGRESSIVE;
				GCC_WARN_UNUSED_FUNCTION = YES;
				GCC_WARN_UNUSED_VARIABLE = YES;
				IPHONEOS_DEPLOYMENT_TARGET = 11.3;
				MTL_ENABLE_DEBUG_INFO = YES;
				ONLY_ACTIVE_ARCH = YES;
				SDKROOT = iphoneos;
				SWIFT_ACTIVE_COMPILATION_CONDITIONS = DEBUG;
				SWIFT_OPTIMIZATION_LEVEL = "-Onone";
			};
			name = Debug;
		};
		F3359516213725780090B400 /* Release */ = {
			isa = XCBuildConfiguration;
			buildSettings = {
				ALWAYS_SEARCH_USER_PATHS = NO;
				CLANG_ANALYZER_NONNULL = YES;
				CLANG_ANALYZER_NUMBER_OBJECT_CONVERSION = YES_AGGRESSIVE;
				CLANG_CXX_LANGUAGE_STANDARD = "gnu++14";
				CLANG_CXX_LIBRARY = "libc++";
				CLANG_ENABLE_MODULES = YES;
				CLANG_ENABLE_OBJC_ARC = YES;
				CLANG_ENABLE_OBJC_WEAK = YES;
				CLANG_WARN_BLOCK_CAPTURE_AUTORELEASING = YES;
				CLANG_WARN_BOOL_CONVERSION = YES;
				CLANG_WARN_COMMA = YES;
				CLANG_WARN_CONSTANT_CONVERSION = YES;
				CLANG_WARN_DEPRECATED_OBJC_IMPLEMENTATIONS = YES;
				CLANG_WARN_DIRECT_OBJC_ISA_USAGE = YES_ERROR;
				CLANG_WARN_DOCUMENTATION_COMMENTS = YES;
				CLANG_WARN_EMPTY_BODY = YES;
				CLANG_WARN_ENUM_CONVERSION = YES;
				CLANG_WARN_INFINITE_RECURSION = YES;
				CLANG_WARN_INT_CONVERSION = YES;
				CLANG_WARN_NON_LITERAL_NULL_CONVERSION = YES;
				CLANG_WARN_OBJC_IMPLICIT_RETAIN_SELF = YES;
				CLANG_WARN_OBJC_LITERAL_CONVERSION = YES;
				CLANG_WARN_OBJC_ROOT_CLASS = YES_ERROR;
				CLANG_WARN_RANGE_LOOP_ANALYSIS = YES;
				CLANG_WARN_STRICT_PROTOTYPES = YES;
				CLANG_WARN_SUSPICIOUS_MOVE = YES;
				CLANG_WARN_UNGUARDED_AVAILABILITY = YES_AGGRESSIVE;
				CLANG_WARN_UNREACHABLE_CODE = YES;
				CLANG_WARN__DUPLICATE_METHOD_MATCH = YES;
				CODE_SIGN_IDENTITY = "iPhone Developer";
				COPY_PHASE_STRIP = NO;
				DEBUG_INFORMATION_FORMAT = "dwarf-with-dsym";
				ENABLE_NS_ASSERTIONS = NO;
				ENABLE_STRICT_OBJC_MSGSEND = YES;
				GCC_C_LANGUAGE_STANDARD = gnu11;
				GCC_NO_COMMON_BLOCKS = YES;
				GCC_WARN_64_TO_32_BIT_CONVERSION = YES;
				GCC_WARN_ABOUT_RETURN_TYPE = YES_ERROR;
				GCC_WARN_UNDECLARED_SELECTOR = YES;
				GCC_WARN_UNINITIALIZED_AUTOS = YES_AGGRESSIVE;
				GCC_WARN_UNUSED_FUNCTION = YES;
				GCC_WARN_UNUSED_VARIABLE = YES;
				IPHONEOS_DEPLOYMENT_TARGET = 11.3;
				MTL_ENABLE_DEBUG_INFO = NO;
				SDKROOT = iphoneos;
				SWIFT_COMPILATION_MODE = wholemodule;
				SWIFT_OPTIMIZATION_LEVEL = "-O";
				VALIDATE_PRODUCT = YES;
			};
			name = Release;
		};
		F3359518213725780090B400 /* Debug */ = {
			isa = XCBuildConfiguration;
			buildSettings = {
				ASSETCATALOG_COMPILER_APPICON_NAME = AppIcon;
				CODE_SIGN_STYLE = Automatic;
				DEVELOPMENT_TEAM = LM2M793P6P;
				INFOPLIST_FILE = SetGame/Info.plist;
				LD_RUNPATH_SEARCH_PATHS = (
					"$(inherited)",
					"@executable_path/Frameworks",
				);
				PRODUCT_BUNDLE_IDENTIFIER = MS.SetGame;
				PRODUCT_NAME = "$(TARGET_NAME)";
				SWIFT_VERSION = 4.0;
				TARGETED_DEVICE_FAMILY = "1,2";
			};
			name = Debug;
		};
		F3359519213725780090B400 /* Release */ = {
			isa = XCBuildConfiguration;
			buildSettings = {
				ASSETCATALOG_COMPILER_APPICON_NAME = AppIcon;
				CODE_SIGN_STYLE = Automatic;
				DEVELOPMENT_TEAM = LM2M793P6P;
				INFOPLIST_FILE = SetGame/Info.plist;
				LD_RUNPATH_SEARCH_PATHS = (
					"$(inherited)",
					"@executable_path/Frameworks",
				);
				PRODUCT_BUNDLE_IDENTIFIER = MS.SetGame;
				PRODUCT_NAME = "$(TARGET_NAME)";
				SWIFT_VERSION = 4.0;
				TARGETED_DEVICE_FAMILY = "1,2";
			};
			name = Release;
		};
		F3D8CA87213D894500B80FD9 /* Debug */ = {
			isa = XCBuildConfiguration;
			buildSettings = {
				BUNDLE_LOADER = "$(TEST_HOST)";
				CODE_SIGN_STYLE = Automatic;
				DEVELOPMENT_TEAM = LM2M793P6P;
				INFOPLIST_FILE = SetGameTests/Info.plist;
				IPHONEOS_DEPLOYMENT_TARGET = 11.4;
				LD_RUNPATH_SEARCH_PATHS = (
					"$(inherited)",
					"@executable_path/Frameworks",
					"@loader_path/Frameworks",
				);
				PRODUCT_BUNDLE_IDENTIFIER = MS.SetGameTests;
				PRODUCT_NAME = "$(TARGET_NAME)";
				SWIFT_VERSION = 4.0;
				TARGETED_DEVICE_FAMILY = "1,2";
				TEST_HOST = "$(BUILT_PRODUCTS_DIR)/SetGame.app/SetGame";
			};
			name = Debug;
		};
		F3D8CA88213D894500B80FD9 /* Release */ = {
			isa = XCBuildConfiguration;
			buildSettings = {
				BUNDLE_LOADER = "$(TEST_HOST)";
				CODE_SIGN_STYLE = Automatic;
				DEVELOPMENT_TEAM = LM2M793P6P;
				INFOPLIST_FILE = SetGameTests/Info.plist;
				IPHONEOS_DEPLOYMENT_TARGET = 11.4;
				LD_RUNPATH_SEARCH_PATHS = (
					"$(inherited)",
					"@executable_path/Frameworks",
					"@loader_path/Frameworks",
				);
				PRODUCT_BUNDLE_IDENTIFIER = MS.SetGameTests;
				PRODUCT_NAME = "$(TARGET_NAME)";
				SWIFT_VERSION = 4.0;
				TARGETED_DEVICE_FAMILY = "1,2";
				TEST_HOST = "$(BUILT_PRODUCTS_DIR)/SetGame.app/SetGame";
			};
			name = Release;
		};
/* End XCBuildConfiguration section */

/* Begin XCConfigurationList section */
		F3359500213725750090B400 /* Build configuration list for PBXProject "SetGame" */ = {
			isa = XCConfigurationList;
			buildConfigurations = (
				F3359515213725780090B400 /* Debug */,
				F3359516213725780090B400 /* Release */,
			);
			defaultConfigurationIsVisible = 0;
			defaultConfigurationName = Release;
		};
		F3359517213725780090B400 /* Build configuration list for PBXNativeTarget "SetGame" */ = {
			isa = XCConfigurationList;
			buildConfigurations = (
				F3359518213725780090B400 /* Debug */,
				F3359519213725780090B400 /* Release */,
			);
			defaultConfigurationIsVisible = 0;
			defaultConfigurationName = Release;
		};
		F3D8CA89213D894600B80FD9 /* Build configuration list for PBXNativeTarget "SetGameTests" */ = {
			isa = XCConfigurationList;
			buildConfigurations = (
				F3D8CA87213D894500B80FD9 /* Debug */,
				F3D8CA88213D894500B80FD9 /* Release */,
			);
			defaultConfigurationIsVisible = 0;
			defaultConfigurationName = Release;
		};
/* End XCConfigurationList section */
	};
	rootObject = F33594FD213725750090B400 /* Project object */;
}
